// !$*UTF8*$!
{
	archiveVersion = 1;
	classes = {
	};
	objectVersion = 55;
	objects = {

/* Begin PBXBuildFile section */
		BF83A5FD27E2827E007035A7 /* UILayoutProjectApp.swift in Sources */ = {isa = PBXBuildFile; fileRef = BF83A5FC27E2827E007035A7 /* UILayoutProjectApp.swift */; };
		BF83A5FF27E2827E007035A7 /* ContentView.swift in Sources */ = {isa = PBXBuildFile; fileRef = BF83A5FE27E2827E007035A7 /* ContentView.swift */; };
		BF83A60127E28280007035A7 /* Assets.xcassets in Resources */ = {isa = PBXBuildFile; fileRef = BF83A60027E28280007035A7 /* Assets.xcassets */; };
		BF83A60427E28280007035A7 /* Preview Assets.xcassets in Resources */ = {isa = PBXBuildFile; fileRef = BF83A60327E28280007035A7 /* Preview Assets.xcassets */; };
		BF83A61027E28304007035A7 /* AppStatusBarView.swift in Sources */ = {isa = PBXBuildFile; fileRef = BF83A60A27E28304007035A7 /* AppStatusBarView.swift */; };
		BF83A62A27E284D3007035A7 /* MainViewTwo.swift in Sources */ = {isa = PBXBuildFile; fileRef = BF83A62527E284D3007035A7 /* MainViewTwo.swift */; };
		BF83A62B27E284D3007035A7 /* MainMenuContainerView.swift in Sources */ = {isa = PBXBuildFile; fileRef = BF83A62627E284D3007035A7 /* MainMenuContainerView.swift */; };
		BF83A62C27E284D3007035A7 /* ContainerView.swift in Sources */ = {isa = PBXBuildFile; fileRef = BF83A62727E284D3007035A7 /* ContainerView.swift */; };
		BF83A62D27E284D3007035A7 /* TabBarContainerView.swift in Sources */ = {isa = PBXBuildFile; fileRef = BF83A62827E284D3007035A7 /* TabBarContainerView.swift */; };
		BF83A62E27E284D3007035A7 /* MainViewOne.swift in Sources */ = {isa = PBXBuildFile; fileRef = BF83A62927E284D3007035A7 /* MainViewOne.swift */; };
		BF83A63527E28500007035A7 /* CustomTextFields.swift in Sources */ = {isa = PBXBuildFile; fileRef = BF83A63127E28500007035A7 /* CustomTextFields.swift */; };
		BF83A63627E28500007035A7 /* UTCDate.swift in Sources */ = {isa = PBXBuildFile; fileRef = BF83A63227E28500007035A7 /* UTCDate.swift */; };
		BF83A63D27E2855F007035A7 /* LeftMenuListRowView.swift in Sources */ = {isa = PBXBuildFile; fileRef = BF83A63A27E2855F007035A7 /* LeftMenuListRowView.swift */; };
		BF83A63E27E2855F007035A7 /* LeftMenuNavigationItemModel.swift in Sources */ = {isa = PBXBuildFile; fileRef = BF83A63B27E2855F007035A7 /* LeftMenuNavigationItemModel.swift */; };
		BF83A63F27E2855F007035A7 /* LeftMenuNavigationViewModel.swift in Sources */ = {isa = PBXBuildFile; fileRef = BF83A63C27E2855F007035A7 /* LeftMenuNavigationViewModel.swift */; };
		BF83A64127E28566007035A7 /* LeftMenuNavigationBarView.swift in Sources */ = {isa = PBXBuildFile; fileRef = BF83A64027E28566007035A7 /* LeftMenuNavigationBarView.swift */; };
		BF83A64727E285F9007035A7 /* PhotosPage.swift in Sources */ = {isa = PBXBuildFile; fileRef = BF83A64527E285F8007035A7 /* PhotosPage.swift */; };
		BF83A64827E285F9007035A7 /* ImagePickerCoordinator.swift in Sources */ = {isa = PBXBuildFile; fileRef = BF83A64627E285F9007035A7 /* ImagePickerCoordinator.swift */; };
		BF83A64D27E28600007035A7 /* ChecklistItemModel.swift in Sources */ = {isa = PBXBuildFile; fileRef = BF83A64927E28600007035A7 /* ChecklistItemModel.swift */; };
		BF83A64E27E28600007035A7 /* ChecklistViewModel.swift in Sources */ = {isa = PBXBuildFile; fileRef = BF83A64A27E28600007035A7 /* ChecklistViewModel.swift */; };
		BF83A64F27E28600007035A7 /* ChecklistRowView.swift in Sources */ = {isa = PBXBuildFile; fileRef = BF83A64B27E28600007035A7 /* ChecklistRowView.swift */; };
		BF83A65027E28600007035A7 /* ChecklistPageView.swift in Sources */ = {isa = PBXBuildFile; fileRef = BF83A64C27E28600007035A7 /* ChecklistPageView.swift */; };
		BF83A65427E2866E007035A7 /* LeftMenuTabBarView.swift in Sources */ = {isa = PBXBuildFile; fileRef = BF83A65227E2866D007035A7 /* LeftMenuTabBarView.swift */; };
		BF83A65527E2866E007035A7 /* TabBarItemsPreferenceKey.swift in Sources */ = {isa = PBXBuildFile; fileRef = BF83A65327E2866E007035A7 /* TabBarItemsPreferenceKey.swift */; };
		BF83A65827E286A3007035A7 /* ChecklistAddItemView.swift in Sources */ = {isa = PBXBuildFile; fileRef = BF83A65727E286A3007035A7 /* ChecklistAddItemView.swift */; };
		BF83A65C27E286BC007035A7 /* MarqueeTextScrollView.swift in Sources */ = {isa = PBXBuildFile; fileRef = BF83A65A27E286BC007035A7 /* MarqueeTextScrollView.swift */; };
		BF83A65D27E286BC007035A7 /* ShapeViewExtensions.swift in Sources */ = {isa = PBXBuildFile; fileRef = BF83A65B27E286BC007035A7 /* ShapeViewExtensions.swift */; };
/* End PBXBuildFile section */

/* Begin PBXFileReference section */
		BF83A5F927E2827E007035A7 /* UILayoutProject.app */ = {isa = PBXFileReference; explicitFileType = wrapper.application; includeInIndex = 0; path = UILayoutProject.app; sourceTree = BUILT_PRODUCTS_DIR; };
		BF83A5FC27E2827E007035A7 /* UILayoutProjectApp.swift */ = {isa = PBXFileReference; lastKnownFileType = sourcecode.swift; path = UILayoutProjectApp.swift; sourceTree = "<group>"; };
		BF83A5FE27E2827E007035A7 /* ContentView.swift */ = {isa = PBXFileReference; lastKnownFileType = sourcecode.swift; path = ContentView.swift; sourceTree = "<group>"; };
		BF83A60027E28280007035A7 /* Assets.xcassets */ = {isa = PBXFileReference; lastKnownFileType = folder.assetcatalog; path = Assets.xcassets; sourceTree = "<group>"; };
		BF83A60327E28280007035A7 /* Preview Assets.xcassets */ = {isa = PBXFileReference; lastKnownFileType = folder.assetcatalog; path = "Preview Assets.xcassets"; sourceTree = "<group>"; };
		BF83A60A27E28304007035A7 /* AppStatusBarView.swift */ = {isa = PBXFileReference; fileEncoding = 4; lastKnownFileType = sourcecode.swift; path = AppStatusBarView.swift; sourceTree = "<group>"; };
		BF83A62527E284D3007035A7 /* MainViewTwo.swift */ = {isa = PBXFileReference; fileEncoding = 4; lastKnownFileType = sourcecode.swift; path = MainViewTwo.swift; sourceTree = "<group>"; };
		BF83A62627E284D3007035A7 /* MainMenuContainerView.swift */ = {isa = PBXFileReference; fileEncoding = 4; lastKnownFileType = sourcecode.swift; path = MainMenuContainerView.swift; sourceTree = "<group>"; };
		BF83A62727E284D3007035A7 /* ContainerView.swift */ = {isa = PBXFileReference; fileEncoding = 4; lastKnownFileType = sourcecode.swift; path = ContainerView.swift; sourceTree = "<group>"; };
		BF83A62827E284D3007035A7 /* TabBarContainerView.swift */ = {isa = PBXFileReference; fileEncoding = 4; lastKnownFileType = sourcecode.swift; path = TabBarContainerView.swift; sourceTree = "<group>"; };
		BF83A62927E284D3007035A7 /* MainViewOne.swift */ = {isa = PBXFileReference; fileEncoding = 4; lastKnownFileType = sourcecode.swift; path = MainViewOne.swift; sourceTree = "<group>"; };
		BF83A63127E28500007035A7 /* CustomTextFields.swift */ = {isa = PBXFileReference; fileEncoding = 4; lastKnownFileType = sourcecode.swift; path = CustomTextFields.swift; sourceTree = "<group>"; };
		BF83A63227E28500007035A7 /* UTCDate.swift */ = {isa = PBXFileReference; fileEncoding = 4; lastKnownFileType = sourcecode.swift; path = UTCDate.swift; sourceTree = "<group>"; };
		BF83A63A27E2855F007035A7 /* LeftMenuListRowView.swift */ = {isa = PBXFileReference; fileEncoding = 4; lastKnownFileType = sourcecode.swift; path = LeftMenuListRowView.swift; sourceTree = "<group>"; };
		BF83A63B27E2855F007035A7 /* LeftMenuNavigationItemModel.swift */ = {isa = PBXFileReference; fileEncoding = 4; lastKnownFileType = sourcecode.swift; path = LeftMenuNavigationItemModel.swift; sourceTree = "<group>"; };
		BF83A63C27E2855F007035A7 /* LeftMenuNavigationViewModel.swift */ = {isa = PBXFileReference; fileEncoding = 4; lastKnownFileType = sourcecode.swift; path = LeftMenuNavigationViewModel.swift; sourceTree = "<group>"; };
		BF83A64027E28566007035A7 /* LeftMenuNavigationBarView.swift */ = {isa = PBXFileReference; fileEncoding = 4; lastKnownFileType = sourcecode.swift; path = LeftMenuNavigationBarView.swift; sourceTree = "<group>"; };
		BF83A64527E285F8007035A7 /* PhotosPage.swift */ = {isa = PBXFileReference; fileEncoding = 4; lastKnownFileType = sourcecode.swift; path = PhotosPage.swift; sourceTree = "<group>"; };
		BF83A64627E285F9007035A7 /* ImagePickerCoordinator.swift */ = {isa = PBXFileReference; fileEncoding = 4; lastKnownFileType = sourcecode.swift; path = ImagePickerCoordinator.swift; sourceTree = "<group>"; };
		BF83A64927E28600007035A7 /* ChecklistItemModel.swift */ = {isa = PBXFileReference; fileEncoding = 4; lastKnownFileType = sourcecode.swift; path = ChecklistItemModel.swift; sourceTree = "<group>"; };
		BF83A64A27E28600007035A7 /* ChecklistViewModel.swift */ = {isa = PBXFileReference; fileEncoding = 4; lastKnownFileType = sourcecode.swift; path = ChecklistViewModel.swift; sourceTree = "<group>"; };
		BF83A64B27E28600007035A7 /* ChecklistRowView.swift */ = {isa = PBXFileReference; fileEncoding = 4; lastKnownFileType = sourcecode.swift; path = ChecklistRowView.swift; sourceTree = "<group>"; };
		BF83A64C27E28600007035A7 /* ChecklistPageView.swift */ = {isa = PBXFileReference; fileEncoding = 4; lastKnownFileType = sourcecode.swift; path = ChecklistPageView.swift; sourceTree = "<group>"; };
		BF83A65227E2866D007035A7 /* LeftMenuTabBarView.swift */ = {isa = PBXFileReference; fileEncoding = 4; lastKnownFileType = sourcecode.swift; path = LeftMenuTabBarView.swift; sourceTree = "<group>"; };
		BF83A65327E2866E007035A7 /* TabBarItemsPreferenceKey.swift */ = {isa = PBXFileReference; fileEncoding = 4; lastKnownFileType = sourcecode.swift; path = TabBarItemsPreferenceKey.swift; sourceTree = "<group>"; };
		BF83A65727E286A3007035A7 /* ChecklistAddItemView.swift */ = {isa = PBXFileReference; fileEncoding = 4; lastKnownFileType = sourcecode.swift; path = ChecklistAddItemView.swift; sourceTree = "<group>"; };
		BF83A65A27E286BC007035A7 /* MarqueeTextScrollView.swift */ = {isa = PBXFileReference; fileEncoding = 4; lastKnownFileType = sourcecode.swift; path = MarqueeTextScrollView.swift; sourceTree = "<group>"; };
		BF83A65B27E286BC007035A7 /* ShapeViewExtensions.swift */ = {isa = PBXFileReference; fileEncoding = 4; lastKnownFileType = sourcecode.swift; path = ShapeViewExtensions.swift; sourceTree = "<group>"; };
/* End PBXFileReference section */

/* Begin PBXFrameworksBuildPhase section */
		BF83A5F627E2827E007035A7 /* Frameworks */ = {
			isa = PBXFrameworksBuildPhase;
			buildActionMask = 2147483647;
			files = (
			);
			runOnlyForDeploymentPostprocessing = 0;
		};
/* End PBXFrameworksBuildPhase section */

/* Begin PBXGroup section */
		BF83A5F027E2827E007035A7 = {
			isa = PBXGroup;
			children = (
				BF83A5FB27E2827E007035A7 /* UILayoutProject */,
				BF83A5FA27E2827E007035A7 /* Products */,
			);
			sourceTree = "<group>";
		};
		BF83A5FA27E2827E007035A7 /* Products */ = {
			isa = PBXGroup;
			children = (
				BF83A5F927E2827E007035A7 /* UILayoutProject.app */,
			);
			name = Products;
			sourceTree = "<group>";
		};
		BF83A5FB27E2827E007035A7 /* UILayoutProject */ = {
			isa = PBXGroup;
			children = (
				BF83A5FC27E2827E007035A7 /* UILayoutProjectApp.swift */,
				BF83A5FE27E2827E007035A7 /* ContentView.swift */,
				BF83A60A27E28304007035A7 /* AppStatusBarView.swift */,
				BF83A61A27E2848E007035A7 /* ContainerMainViews */,
				BF83A63827E28519007035A7 /* LeftMenuSideba */,
				BF83A65627E28692007035A7 /* Settings */,
				BF83A65927E286AB007035A7 /* View Extensions */,
				BF83A62F27E284EE007035A7 /* Helper Files */,
				BF83A60027E28280007035A7 /* Assets.xcassets */,
				BF83A60227E28280007035A7 /* Preview Content */,
			);
			path = UILayoutProject;
			sourceTree = "<group>";
		};
		BF83A60227E28280007035A7 /* Preview Content */ = {
			isa = PBXGroup;
			children = (
				BF83A60327E28280007035A7 /* Preview Assets.xcassets */,
			);
			path = "Preview Content";
			sourceTree = "<group>";
		};
		BF83A61A27E2848E007035A7 /* ContainerMainViews */ = {
			isa = PBXGroup;
			children = (
				BF83A62727E284D3007035A7 /* ContainerView.swift */,
				BF83A62627E284D3007035A7 /* MainMenuContainerView.swift */,
				BF83A62927E284D3007035A7 /* MainViewOne.swift */,
				BF83A62527E284D3007035A7 /* MainViewTwo.swift */,
				BF83A62827E284D3007035A7 /* TabBarContainerView.swift */,
			);
			path = ContainerMainViews;
			sourceTree = "<group>";
		};
		BF83A62F27E284EE007035A7 /* Helper Files */ = {
			isa = PBXGroup;
			children = (
				BF83A63127E28500007035A7 /* CustomTextFields.swift */,
				BF83A63227E28500007035A7 /* UTCDate.swift */,
			);
			path = "Helper Files";
			sourceTree = "<group>";
		};
		BF83A63827E28519007035A7 /* LeftMenuSideba */ = {
			isa = PBXGroup;
			children = (
				BF83A63927E28541007035A7 /* LeftMenuNavigationBars */,
				BF83A64227E285C3007035A7 /* LeftMenuPageViews */,
				BF83A64027E28566007035A7 /* LeftMenuNavigationBarView.swift */,
				BF83A65127E28652007035A7 /* LeftMenuTabBar */,
			);
			path = LeftMenuSideba;
			sourceTree = "<group>";
		};
		BF83A63927E28541007035A7 /* LeftMenuNavigationBars */ = {
			isa = PBXGroup;
			children = (
				BF83A63A27E2855F007035A7 /* LeftMenuListRowView.swift */,
				BF83A63B27E2855F007035A7 /* LeftMenuNavigationItemModel.swift */,
				BF83A63C27E2855F007035A7 /* LeftMenuNavigationViewModel.swift */,
			);
			path = LeftMenuNavigationBars;
			sourceTree = "<group>";
		};
		BF83A64227E285C3007035A7 /* LeftMenuPageViews */ = {
			isa = PBXGroup;
			children = (
				BF83A64327E285D2007035A7 /* ChecklistPage */,
				BF83A64427E285E3007035A7 /* PhotosPage */,
			);
			path = LeftMenuPageViews;
			sourceTree = "<group>";
		};
		BF83A64327E285D2007035A7 /* ChecklistPage */ = {
			isa = PBXGroup;
			children = (
				BF83A64927E28600007035A7 /* ChecklistItemModel.swift */,
				BF83A64C27E28600007035A7 /* ChecklistPageView.swift */,
				BF83A64B27E28600007035A7 /* ChecklistRowView.swift */,
				BF83A64A27E28600007035A7 /* ChecklistViewModel.swift */,
			);
			path = ChecklistPage;
			sourceTree = "<group>";
		};
		BF83A64427E285E3007035A7 /* PhotosPage */ = {
			isa = PBXGroup;
			children = (
				BF83A64627E285F9007035A7 /* ImagePickerCoordinator.swift */,
				BF83A64527E285F8007035A7 /* PhotosPage.swift */,
			);
			path = PhotosPage;
			sourceTree = "<group>";
		};
		BF83A65127E28652007035A7 /* LeftMenuTabBar */ = {
			isa = PBXGroup;
			children = (
				BF83A65227E2866D007035A7 /* LeftMenuTabBarView.swift */,
				BF83A65327E2866E007035A7 /* TabBarItemsPreferenceKey.swift */,
			);
			path = LeftMenuTabBar;
			sourceTree = "<group>";
		};
		BF83A65627E28692007035A7 /* Settings */ = {
			isa = PBXGroup;
			children = (
				BF83A65727E286A3007035A7 /* ChecklistAddItemView.swift */,
			);
			path = Settings;
			sourceTree = "<group>";
		};
		BF83A65927E286AB007035A7 /* View Extensions */ = {
			isa = PBXGroup;
			children = (
				BF83A65A27E286BC007035A7 /* MarqueeTextScrollView.swift */,
				BF83A65B27E286BC007035A7 /* ShapeViewExtensions.swift */,
			);
			path = "View Extensions";
			sourceTree = "<group>";
		};
/* End PBXGroup section */

/* Begin PBXNativeTarget section */
		BF83A5F827E2827E007035A7 /* UILayoutProject */ = {
			isa = PBXNativeTarget;
			buildConfigurationList = BF83A60727E28280007035A7 /* Build configuration list for PBXNativeTarget "UILayoutProject" */;
			buildPhases = (
				BF83A5F527E2827E007035A7 /* Sources */,
				BF83A5F627E2827E007035A7 /* Frameworks */,
				BF83A5F727E2827E007035A7 /* Resources */,
			);
			buildRules = (
			);
			dependencies = (
			);
			name = UILayoutProject;
			packageProductDependencies = (
			);
			productName = UILayoutProject;
			productReference = BF83A5F927E2827E007035A7 /* UILayoutProject.app */;
			productType = "com.apple.product-type.application";
		};
/* End PBXNativeTarget section */

/* Begin PBXProject section */
		BF83A5F127E2827E007035A7 /* Project object */ = {
			isa = PBXProject;
			attributes = {
				BuildIndependentTargetsInParallel = 1;
				LastSwiftUpdateCheck = 1330;
				LastUpgradeCheck = 1330;
				TargetAttributes = {
					BF83A5F827E2827E007035A7 = {
						CreatedOnToolsVersion = 13.3;
					};
				};
			};
			buildConfigurationList = BF83A5F427E2827E007035A7 /* Build configuration list for PBXProject "UILayoutProject" */;
			compatibilityVersion = "Xcode 13.0";
			developmentRegion = en;
			hasScannedForEncodings = 0;
			knownRegions = (
				en,
				Base,
			);
			mainGroup = BF83A5F027E2827E007035A7;
			packageReferences = (
			);
			productRefGroup = BF83A5FA27E2827E007035A7 /* Products */;
			projectDirPath = "";
			projectRoot = "";
			targets = (
				BF83A5F827E2827E007035A7 /* UILayoutProject */,
			);
		};
/* End PBXProject section */

/* Begin PBXResourcesBuildPhase section */
		BF83A5F727E2827E007035A7 /* Resources */ = {
			isa = PBXResourcesBuildPhase;
			buildActionMask = 2147483647;
			files = (
				BF83A60427E28280007035A7 /* Preview Assets.xcassets in Resources */,
				BF83A60127E28280007035A7 /* Assets.xcassets in Resources */,
			);
			runOnlyForDeploymentPostprocessing = 0;
		};
/* End PBXResourcesBuildPhase section */

/* Begin PBXSourcesBuildPhase section */
		BF83A5F527E2827E007035A7 /* Sources */ = {
			isa = PBXSourcesBuildPhase;
			buildActionMask = 2147483647;
			files = (
				BF83A65427E2866E007035A7 /* LeftMenuTabBarView.swift in Sources */,
				BF83A63E27E2855F007035A7 /* LeftMenuNavigationItemModel.swift in Sources */,
				BF83A62B27E284D3007035A7 /* MainMenuContainerView.swift in Sources */,
				BF83A64827E285F9007035A7 /* ImagePickerCoordinator.swift in Sources */,
				BF83A65827E286A3007035A7 /* ChecklistAddItemView.swift in Sources */,
				BF83A65D27E286BC007035A7 /* ShapeViewExtensions.swift in Sources */,
				BF83A61027E28304007035A7 /* AppStatusBarView.swift in Sources */,
				BF83A64F27E28600007035A7 /* ChecklistRowView.swift in Sources */,
				BF83A62A27E284D3007035A7 /* MainViewTwo.swift in Sources */,
				BF83A64727E285F9007035A7 /* PhotosPage.swift in Sources */,
				BF83A63627E28500007035A7 /* UTCDate.swift in Sources */,
				BF83A64D27E28600007035A7 /* ChecklistItemModel.swift in Sources */,
				BF83A62D27E284D3007035A7 /* TabBarContainerView.swift in Sources */,
				BF83A64E27E28600007035A7 /* ChecklistViewModel.swift in Sources */,
				BF83A5FF27E2827E007035A7 /* ContentView.swift in Sources */,
				BF83A62E27E284D3007035A7 /* MainViewOne.swift in Sources */,
				BF83A63F27E2855F007035A7 /* LeftMenuNavigationViewModel.swift in Sources */,
				BF83A65527E2866E007035A7 /* TabBarItemsPreferenceKey.swift in Sources */,
				BF83A65C27E286BC007035A7 /* MarqueeTextScrollView.swift in Sources */,
				BF83A63527E28500007035A7 /* CustomTextFields.swift in Sources */,
				BF83A64127E28566007035A7 /* LeftMenuNavigationBarView.swift in Sources */,
				BF83A65027E28600007035A7 /* ChecklistPageView.swift in Sources */,
				BF83A62C27E284D3007035A7 /* ContainerView.swift in Sources */,
				BF83A63D27E2855F007035A7 /* LeftMenuListRowView.swift in Sources */,
				BF83A5FD27E2827E007035A7 /* UILayoutProjectApp.swift in Sources */,
			);
			runOnlyForDeploymentPostprocessing = 0;
		};
/* End PBXSourcesBuildPhase section */

/* Begin XCBuildConfiguration section */
		BF83A60527E28280007035A7 /* Debug */ = {
			isa = XCBuildConfiguration;
			buildSettings = {
				ALWAYS_SEARCH_USER_PATHS = NO;
				CLANG_ANALYZER_NONNULL = YES;
				CLANG_ANALYZER_NUMBER_OBJECT_CONVERSION = YES_AGGRESSIVE;
				CLANG_CXX_LANGUAGE_STANDARD = "gnu++17";
				CLANG_ENABLE_MODULES = YES;
				CLANG_ENABLE_OBJC_ARC = YES;
				CLANG_ENABLE_OBJC_WEAK = YES;
				CLANG_WARN_BLOCK_CAPTURE_AUTORELEASING = YES;
				CLANG_WARN_BOOL_CONVERSION = YES;
				CLANG_WARN_COMMA = YES;
				CLANG_WARN_CONSTANT_CONVERSION = YES;
				CLANG_WARN_DEPRECATED_OBJC_IMPLEMENTATIONS = YES;
				CLANG_WARN_DIRECT_OBJC_ISA_USAGE = YES_ERROR;
				CLANG_WARN_DOCUMENTATION_COMMENTS = YES;
				CLANG_WARN_EMPTY_BODY = YES;
				CLANG_WARN_ENUM_CONVERSION = YES;
				CLANG_WARN_INFINITE_RECURSION = YES;
				CLANG_WARN_INT_CONVERSION = YES;
				CLANG_WARN_NON_LITERAL_NULL_CONVERSION = YES;
				CLANG_WARN_OBJC_IMPLICIT_RETAIN_SELF = YES;
				CLANG_WARN_OBJC_LITERAL_CONVERSION = YES;
				CLANG_WARN_OBJC_ROOT_CLASS = YES_ERROR;
				CLANG_WARN_QUOTED_INCLUDE_IN_FRAMEWORK_HEADER = YES;
				CLANG_WARN_RANGE_LOOP_ANALYSIS = YES;
				CLANG_WARN_STRICT_PROTOTYPES = YES;
				CLANG_WARN_SUSPICIOUS_MOVE = YES;
				CLANG_WARN_UNGUARDED_AVAILABILITY = YES_AGGRESSIVE;
				CLANG_WARN_UNREACHABLE_CODE = YES;
				CLANG_WARN__DUPLICATE_METHOD_MATCH = YES;
				COPY_PHASE_STRIP = NO;
				DEBUG_INFORMATION_FORMAT = dwarf;
				ENABLE_STRICT_OBJC_MSGSEND = YES;
				ENABLE_TESTABILITY = YES;
				GCC_C_LANGUAGE_STANDARD = gnu11;
				GCC_DYNAMIC_NO_PIC = NO;
				GCC_NO_COMMON_BLOCKS = YES;
				GCC_OPTIMIZATION_LEVEL = 0;
				GCC_PREPROCESSOR_DEFINITIONS = (
					"DEBUG=1",
					"$(inherited)",
				);
				GCC_WARN_64_TO_32_BIT_CONVERSION = YES;
				GCC_WARN_ABOUT_RETURN_TYPE = YES_ERROR;
				GCC_WARN_UNDECLARED_SELECTOR = YES;
				GCC_WARN_UNINITIALIZED_AUTOS = YES_AGGRESSIVE;
				GCC_WARN_UNUSED_FUNCTION = YES;
				GCC_WARN_UNUSED_VARIABLE = YES;
				IPHONEOS_DEPLOYMENT_TARGET = 15.4;
				MTL_ENABLE_DEBUG_INFO = INCLUDE_SOURCE;
				MTL_FAST_MATH = YES;
				ONLY_ACTIVE_ARCH = YES;
				SDKROOT = iphoneos;
				SWIFT_ACTIVE_COMPILATION_CONDITIONS = DEBUG;
				SWIFT_OPTIMIZATION_LEVEL = "-Onone";
			};
			name = Debug;
		};
		BF83A60627E28280007035A7 /* Release */ = {
			isa = XCBuildConfiguration;
			buildSettings = {
				ALWAYS_SEARCH_USER_PATHS = NO;
				CLANG_ANALYZER_NONNULL = YES;
				CLANG_ANALYZER_NUMBER_OBJECT_CONVERSION = YES_AGGRESSIVE;
				CLANG_CXX_LANGUAGE_STANDARD = "gnu++17";
				CLANG_ENABLE_MODULES = YES;
				CLANG_ENABLE_OBJC_ARC = YES;
				CLANG_ENABLE_OBJC_WEAK = YES;
				CLANG_WARN_BLOCK_CAPTURE_AUTORELEASING = YES;
				CLANG_WARN_BOOL_CONVERSION = YES;
				CLANG_WARN_COMMA = YES;
				CLANG_WARN_CONSTANT_CONVERSION = YES;
				CLANG_WARN_DEPRECATED_OBJC_IMPLEMENTATIONS = YES;
				CLANG_WARN_DIRECT_OBJC_ISA_USAGE = YES_ERROR;
				CLANG_WARN_DOCUMENTATION_COMMENTS = YES;
				CLANG_WARN_EMPTY_BODY = YES;
				CLANG_WARN_ENUM_CONVERSION = YES;
				CLANG_WARN_INFINITE_RECURSION = YES;
				CLANG_WARN_INT_CONVERSION = YES;
				CLANG_WARN_NON_LITERAL_NULL_CONVERSION = YES;
				CLANG_WARN_OBJC_IMPLICIT_RETAIN_SELF = YES;
				CLANG_WARN_OBJC_LITERAL_CONVERSION = YES;
				CLANG_WARN_OBJC_ROOT_CLASS = YES_ERROR;
				CLANG_WARN_QUOTED_INCLUDE_IN_FRAMEWORK_HEADER = YES;
				CLANG_WARN_RANGE_LOOP_ANALYSIS = YES;
				CLANG_WARN_STRICT_PROTOTYPES = YES;
				CLANG_WARN_SUSPICIOUS_MOVE = YES;
				CLANG_WARN_UNGUARDED_AVAILABILITY = YES_AGGRESSIVE;
				CLANG_WARN_UNREACHABLE_CODE = YES;
				CLANG_WARN__DUPLICATE_METHOD_MATCH = YES;
				COPY_PHASE_STRIP = NO;
				DEBUG_INFORMATION_FORMAT = "dwarf-with-dsym";
				ENABLE_NS_ASSERTIONS = NO;
				ENABLE_STRICT_OBJC_MSGSEND = YES;
				GCC_C_LANGUAGE_STANDARD = gnu11;
				GCC_NO_COMMON_BLOCKS = YES;
				GCC_WARN_64_TO_32_BIT_CONVERSION = YES;
				GCC_WARN_ABOUT_RETURN_TYPE = YES_ERROR;
				GCC_WARN_UNDECLARED_SELECTOR = YES;
				GCC_WARN_UNINITIALIZED_AUTOS = YES_AGGRESSIVE;
				GCC_WARN_UNUSED_FUNCTION = YES;
				GCC_WARN_UNUSED_VARIABLE = YES;
				IPHONEOS_DEPLOYMENT_TARGET = 15.4;
				MTL_ENABLE_DEBUG_INFO = NO;
				MTL_FAST_MATH = YES;
				SDKROOT = iphoneos;
				SWIFT_COMPILATION_MODE = wholemodule;
				SWIFT_OPTIMIZATION_LEVEL = "-O";
				VALIDATE_PRODUCT = YES;
			};
			name = Release;
		};
		BF83A60827E28280007035A7 /* Debug */ = {
			isa = XCBuildConfiguration;
			buildSettings = {
				ASSETCATALOG_COMPILER_APPICON_NAME = AppIcon;
				ASSETCATALOG_COMPILER_GLOBAL_ACCENT_COLOR_NAME = AccentColor;
				CODE_SIGN_STYLE = Automatic;
				CURRENT_PROJECT_VERSION = 1;
				DEVELOPMENT_ASSET_PATHS = "\"UILayoutProject/Preview Content\"";
				DEVELOPMENT_TEAM = 92E2GJM9KU;
				ENABLE_PREVIEWS = YES;
				GENERATE_INFOPLIST_FILE = YES;
				INFOPLIST_KEY_UIApplicationSceneManifest_Generation = YES;
				INFOPLIST_KEY_UIApplicationSupportsIndirectInputEvents = YES;
				INFOPLIST_KEY_UILaunchScreen_Generation = YES;
				INFOPLIST_KEY_UISupportedInterfaceOrientations_iPad = "UIInterfaceOrientationPortrait UIInterfaceOrientationPortraitUpsideDown UIInterfaceOrientationLandscapeLeft UIInterfaceOrientationLandscapeRight";
				INFOPLIST_KEY_UISupportedInterfaceOrientations_iPhone = "UIInterfaceOrientationPortrait UIInterfaceOrientationLandscapeLeft UIInterfaceOrientationLandscapeRight";
				LD_RUNPATH_SEARCH_PATHS = (
					"$(inherited)",
					"@executable_path/Frameworks",
				);
				MARKETING_VERSION = 1.0;
				PRODUCT_BUNDLE_IDENTIFIER = com.pilotefc.UILayoutProject;
				PRODUCT_NAME = "$(TARGET_NAME)";
				SWIFT_EMIT_LOC_STRINGS = YES;
				SWIFT_VERSION = 5.0;
				TARGETED_DEVICE_FAMILY = "1,2";
			};
			name = Debug;
		};
		BF83A60927E28280007035A7 /* Release */ = {
			isa = XCBuildConfiguration;
			buildSettings = {
				ASSETCATALOG_COMPILER_APPICON_NAME = AppIcon;
				ASSETCATALOG_COMPILER_GLOBAL_ACCENT_COLOR_NAME = AccentColor;
				CODE_SIGN_STYLE = Automatic;
				CURRENT_PROJECT_VERSION = 1;
				DEVELOPMENT_ASSET_PATHS = "\"UILayoutProject/Preview Content\"";
				DEVELOPMENT_TEAM = 92E2GJM9KU;
				ENABLE_PREVIEWS = YES;
				GENERATE_INFOPLIST_FILE = YES;
				INFOPLIST_KEY_UIApplicationSceneManifest_Generation = YES;
				INFOPLIST_KEY_UIApplicationSupportsIndirectInputEvents = YES;
				INFOPLIST_KEY_UILaunchScreen_Generation = YES;
				INFOPLIST_KEY_UISupportedInterfaceOrientations_iPad = "UIInterfaceOrientationPortrait UIInterfaceOrientationPortraitUpsideDown UIInterfaceOrientationLandscapeLeft UIInterfaceOrientationLandscapeRight";
				INFOPLIST_KEY_UISupportedInterfaceOrientations_iPhone = "UIInterfaceOrientationPortrait UIInterfaceOrientationLandscapeLeft UIInterfaceOrientationLandscapeRight";
				LD_RUNPATH_SEARCH_PATHS = (
					"$(inherited)",
					"@executable_path/Frameworks",
				);
				MARKETING_VERSION = 1.0;
				PRODUCT_BUNDLE_IDENTIFIER = com.pilotefc.UILayoutProject;
				PRODUCT_NAME = "$(TARGET_NAME)";
				SWIFT_EMIT_LOC_STRINGS = YES;
				SWIFT_VERSION = 5.0;
				TARGETED_DEVICE_FAMILY = "1,2";
			};
			name = Release;
		};
/* End XCBuildConfiguration section */

/* Begin XCConfigurationList section */
		BF83A5F427E2827E007035A7 /* Build configuration list for PBXProject "UILayoutProject" */ = {
			isa = XCConfigurationList;
			buildConfigurations = (
				BF83A60527E28280007035A7 /* Debug */,
				BF83A60627E28280007035A7 /* Release */,
			);
			defaultConfigurationIsVisible = 0;
			defaultConfigurationName = Release;
		};
		BF83A60727E28280007035A7 /* Build configuration list for PBXNativeTarget "UILayoutProject" */ = {
			isa = XCConfigurationList;
			buildConfigurations = (
				BF83A60827E28280007035A7 /* Debug */,
				BF83A60927E28280007035A7 /* Release */,
			);
			defaultConfigurationIsVisible = 0;
			defaultConfigurationName = Release;
		};
/* End XCConfigurationList section */
	};
	rootObject = BF83A5F127E2827E007035A7 /* Project object */;
}
